
Microsoft Visual Studio Solution File, Format Version 12.00
# Visual Studio Version 17
VisualStudioVersion = 17.9.34728.123
MinimumVisualStudioVersion = 10.0.40219.1
Project("{FAE04EC0-301F-11D3-BF4B-00C04F79EFBC}") = "student-management", "student-management\student-management.csproj", "{0913B094-45E8-4038-86D6-17C1193074EE}"
EndProject
Global
	GlobalSection(SolutionConfigurationPlatforms) = preSolution
		Debug|Any CPU = Debug|Any CPU
		Release|Any CPU = Release|Any CPU
	EndGlobalSection
	GlobalSection(ProjectConfigurationPlatforms) = postSolution
		{0913B094-45E8-4038-86D6-17C1193074EE}.Debug|Any CPU.ActiveCfg = Debug|Any CPU
		{0913B094-45E8-4038-86D6-17C1193074EE}.Debug|Any CPU.Build.0 = Debug|Any CPU
		{0913B094-45E8-4038-86D6-17C1193074EE}.Release|Any CPU.ActiveCfg = Release|Any CPU
		{0913B094-45E8-4038-86D6-17C1193074EE}.Release|Any CPU.Build.0 = Release|Any CPU
	EndGlobalSection
	GlobalSection(SolutionProperties) = preSolution
		HideSolutionNode = FALSE
	EndGlobalSection
	GlobalSection(ExtensibilityGlobals) = postSolution
		SolutionGuid = {69B9103D-D259-487D-94EF-33D4727FEFD2}
	EndGlobalSection
EndGlobal
